// !$*UTF8*$!
{
	archiveVersion = 1;
	classes = {
	};
	objectVersion = 56;
	objects = {

/* Begin PBXBuildFile section */
		D638A1192B1633740077CAC5 /* SpawnPointApp.swift in Sources */ = {isa = PBXBuildFile; fileRef = D638A1182B1633740077CAC5 /* SpawnPointApp.swift */; };
		D638A11B2B1633740077CAC5 /* ContentView.swift in Sources */ = {isa = PBXBuildFile; fileRef = D638A11A2B1633740077CAC5 /* ContentView.swift */; };
		D638A11D2B1633770077CAC5 /* Assets.xcassets in Resources */ = {isa = PBXBuildFile; fileRef = D638A11C2B1633770077CAC5 /* Assets.xcassets */; };
		D638A1202B1633770077CAC5 /* Preview Assets.xcassets in Resources */ = {isa = PBXBuildFile; fileRef = D638A11F2B1633770077CAC5 /* Preview Assets.xcassets */; };
		D638A12A2B1633770077CAC5 /* SpawnPointTests.swift in Sources */ = {isa = PBXBuildFile; fileRef = D638A1292B1633770077CAC5 /* SpawnPointTests.swift */; };
		D638A1342B1633770077CAC5 /* SpawnPointUITests.swift in Sources */ = {isa = PBXBuildFile; fileRef = D638A1332B1633770077CAC5 /* SpawnPointUITests.swift */; };
		D638A1362B1633770077CAC5 /* SpawnPointUITestsLaunchTests.swift in Sources */ = {isa = PBXBuildFile; fileRef = D638A1352B1633770077CAC5 /* SpawnPointUITestsLaunchTests.swift */; };
		D638A1732B1634CA0077CAC5 /* UIImage+resizeToApprox.swift in Sources */ = {isa = PBXBuildFile; fileRef = D638A1472B1634C90077CAC5 /* UIImage+resizeToApprox.swift */; };
		D638A1742B1634CA0077CAC5 /* Color++.swift in Sources */ = {isa = PBXBuildFile; fileRef = D638A1482B1634C90077CAC5 /* Color++.swift */; };
		D638A1762B1634CA0077CAC5 /* Dictionary+replaceValues.swift in Sources */ = {isa = PBXBuildFile; fileRef = D638A14D2B1634C90077CAC5 /* Dictionary+replaceValues.swift */; };
		D638A1772B1634CA0077CAC5 /* LogStream.swift in Sources */ = {isa = PBXBuildFile; fileRef = D638A14E2B1634C90077CAC5 /* LogStream.swift */; };
		D638A1792B1634CA0077CAC5 /* FilePickerViewControllerDelegate.swift in Sources */ = {isa = PBXBuildFile; fileRef = D638A1502B1634C90077CAC5 /* FilePickerViewControllerDelegate.swift */; };
		D638A17A2B1634CA0077CAC5 /* String+subscript.swift in Sources */ = {isa = PBXBuildFile; fileRef = D638A1512B1634C90077CAC5 /* String+subscript.swift */; };
		D638A17B2B1634CA0077CAC5 /* CGSize++.swift in Sources */ = {isa = PBXBuildFile; fileRef = D638A1522B1634C90077CAC5 /* CGSize++.swift */; };
		D638A17C2B1634CA0077CAC5 /* Haptic++.swift in Sources */ = {isa = PBXBuildFile; fileRef = D638A1542B1634C90077CAC5 /* Haptic++.swift */; };
		D638A17D2B1634CA0077CAC5 /* TotallyNotStolen.swift in Sources */ = {isa = PBXBuildFile; fileRef = D638A1562B1634C90077CAC5 /* TotallyNotStolen.swift */; };
		D638A17F2B1634CA0077CAC5 /* URL++.swift in Sources */ = {isa = PBXBuildFile; fileRef = D638A1582B1634C90077CAC5 /* URL++.swift */; };
		D638A1802B1634CA0077CAC5 /* Alert++.swift in Sources */ = {isa = PBXBuildFile; fileRef = D638A1592B1634C90077CAC5 /* Alert++.swift */; };
		D638A1812B1634CA0077CAC5 /* Color+Codable.swift in Sources */ = {isa = PBXBuildFile; fileRef = D638A15A2B1634C90077CAC5 /* Color+Codable.swift */; };
		D638A1822B1634CA0077CAC5 /* CommonFunctions.swift in Sources */ = {isa = PBXBuildFile; fileRef = D638A15B2B1634C90077CAC5 /* CommonFunctions.swift */; };
		D638A1832B1634CA0077CAC5 /* Array++.swift in Sources */ = {isa = PBXBuildFile; fileRef = D638A15C2B1634C90077CAC5 /* Array++.swift */; };
		D638A1842B1634CA0077CAC5 /* String+LocalizedError.swift in Sources */ = {isa = PBXBuildFile; fileRef = D638A1602B1634C90077CAC5 /* String+LocalizedError.swift */; };
		D638A1852B1634CA0077CAC5 /* UIDevice+MachineName.swift in Sources */ = {isa = PBXBuildFile; fileRef = D638A1612B1634C90077CAC5 /* UIDevice+MachineName.swift */; };
		D638A1862B1634CA0077CAC5 /* SafeIndex.swift in Sources */ = {isa = PBXBuildFile; fileRef = D638A1622B1634C90077CAC5 /* SafeIndex.swift */; };
		D638A1872B1634CA0077CAC5 /* Padding.swift in Sources */ = {isa = PBXBuildFile; fileRef = D638A1632B1634C90077CAC5 /* Padding.swift */; };
		D638A1962B1636970077CAC5 /* TSEnts.entitlements in Resources */ = {isa = PBXBuildFile; fileRef = D638A1952B1636970077CAC5 /* TSEnts.entitlements */; };
		D638A19A2B1665E20077CAC5 /* TSUtil.m in Sources */ = {isa = PBXBuildFile; fileRef = D638A1982B1665E00077CAC5 /* TSUtil.m */; };
		D638A1AD2B167B640077CAC5 /* ApplicationsWrapper in Frameworks */ = {isa = PBXBuildFile; productRef = D638A1AC2B167B640077CAC5 /* ApplicationsWrapper */; };
		D638A1AF2B167B640077CAC5 /* AssetCatalogWrapper in Frameworks */ = {isa = PBXBuildFile; productRef = D638A1AE2B167B640077CAC5 /* AssetCatalogWrapper */; };
		D638A1B12B167B640077CAC5 /* CompressionWrapper in Frameworks */ = {isa = PBXBuildFile; productRef = D638A1B02B167B640077CAC5 /* CompressionWrapper */; };
		D638A1B32B167B640077CAC5 /* DiskImagesWrapper in Frameworks */ = {isa = PBXBuildFile; productRef = D638A1B22B167B640077CAC5 /* DiskImagesWrapper */; };
		D638A1B52B167B640077CAC5 /* FSOperations in Frameworks */ = {isa = PBXBuildFile; productRef = D638A1B42B167B640077CAC5 /* FSOperations */; };
		D638A1BC2B16BDDE0077CAC5 /* Foundation.framework in Frameworks */ = {isa = PBXBuildFile; fileRef = D638A1B82B167BC20077CAC5 /* Foundation.framework */; };
		D638A1BD2B16BDE20077CAC5 /* CoreFoundation.framework in Frameworks */ = {isa = PBXBuildFile; fileRef = D638A1B72B167BC20077CAC5 /* CoreFoundation.framework */; };
		D638A1BF2B16BE140077CAC5 /* NSTask in Frameworks */ = {isa = PBXBuildFile; productRef = D638A1BE2B16BE140077CAC5 /* NSTask */; };
		D638A1C12B16BE160077CAC5 /* SVGWrapper in Frameworks */ = {isa = PBXBuildFile; productRef = D638A1C02B16BE160077CAC5 /* SVGWrapper */; };
		D638A1C22B16BE860077CAC5 /* SpawnPoint-Bridging-Header.h in Sources */ = {isa = PBXBuildFile; fileRef = D638A1972B1665DE0077CAC5 /* SpawnPoint-Bridging-Header.h */; };
		D638A1C32B16BE860077CAC5 /* CoreServices.h in Sources */ = {isa = PBXBuildFile; fileRef = D638A1AA2B1671690077CAC5 /* CoreServices.h */; };
		D638A1C42B16BE860077CAC5 /* IconServices.h in Sources */ = {isa = PBXBuildFile; fileRef = D638A1BB2B16BC0E0077CAC5 /* IconServices.h */; };
		D638A1C52B16BE860077CAC5 /* ISIconCacheServiceProtocol-Protocol.h in Sources */ = {isa = PBXBuildFile; fileRef = D638A1BA2B16BC0D0077CAC5 /* ISIconCacheServiceProtocol-Protocol.h */; };
		D638A1C62B16BE860077CAC5 /* TSUtil.h in Sources */ = {isa = PBXBuildFile; fileRef = D638A1992B1665E20077CAC5 /* TSUtil.h */; };
		D638A1C72B16BE860077CAC5 /* pac_helper.h in Sources */ = {isa = PBXBuildFile; fileRef = D638A1552B1634C90077CAC5 /* pac_helper.h */; };
		D638A1CD2B16C2D50077CAC5 /* CoreServices.framework in Frameworks */ = {isa = PBXBuildFile; fileRef = D638A1CC2B16C2D50077CAC5 /* CoreServices.framework */; };
/* End PBXBuildFile section */

/* Begin PBXContainerItemProxy section */
		D638A1262B1633770077CAC5 /* PBXContainerItemProxy */ = {
			isa = PBXContainerItemProxy;
			containerPortal = D638A10D2B1633740077CAC5 /* Project object */;
			proxyType = 1;
			remoteGlobalIDString = D638A1142B1633740077CAC5;
			remoteInfo = SpawnPoint;
		};
		D638A1302B1633770077CAC5 /* PBXContainerItemProxy */ = {
			isa = PBXContainerItemProxy;
			containerPortal = D638A10D2B1633740077CAC5 /* Project object */;
			proxyType = 1;
			remoteGlobalIDString = D638A1142B1633740077CAC5;
			remoteInfo = SpawnPoint;
		};
/* End PBXContainerItemProxy section */

/* Begin PBXFileReference section */
		D638A1152B1633740077CAC5 /* SpawnPoint.app */ = {isa = PBXFileReference; explicitFileType = wrapper.application; includeInIndex = 0; path = SpawnPoint.app; sourceTree = BUILT_PRODUCTS_DIR; };
		D638A1182B1633740077CAC5 /* SpawnPointApp.swift */ = {isa = PBXFileReference; lastKnownFileType = sourcecode.swift; path = SpawnPointApp.swift; sourceTree = "<group>"; };
		D638A11A2B1633740077CAC5 /* ContentView.swift */ = {isa = PBXFileReference; lastKnownFileType = sourcecode.swift; path = ContentView.swift; sourceTree = "<group>"; };
		D638A11C2B1633770077CAC5 /* Assets.xcassets */ = {isa = PBXFileReference; lastKnownFileType = folder.assetcatalog; path = Assets.xcassets; sourceTree = "<group>"; };
		D638A11F2B1633770077CAC5 /* Preview Assets.xcassets */ = {isa = PBXFileReference; lastKnownFileType = folder.assetcatalog; path = "Preview Assets.xcassets"; sourceTree = "<group>"; };
		D638A1252B1633770077CAC5 /* SpawnPointTests.xctest */ = {isa = PBXFileReference; explicitFileType = wrapper.cfbundle; includeInIndex = 0; path = SpawnPointTests.xctest; sourceTree = BUILT_PRODUCTS_DIR; };
		D638A1292B1633770077CAC5 /* SpawnPointTests.swift */ = {isa = PBXFileReference; lastKnownFileType = sourcecode.swift; path = SpawnPointTests.swift; sourceTree = "<group>"; };
		D638A12F2B1633770077CAC5 /* SpawnPointUITests.xctest */ = {isa = PBXFileReference; explicitFileType = wrapper.cfbundle; includeInIndex = 0; path = SpawnPointUITests.xctest; sourceTree = BUILT_PRODUCTS_DIR; };
		D638A1332B1633770077CAC5 /* SpawnPointUITests.swift */ = {isa = PBXFileReference; lastKnownFileType = sourcecode.swift; path = SpawnPointUITests.swift; sourceTree = "<group>"; };
		D638A1352B1633770077CAC5 /* SpawnPointUITestsLaunchTests.swift */ = {isa = PBXFileReference; lastKnownFileType = sourcecode.swift; path = SpawnPointUITestsLaunchTests.swift; sourceTree = "<group>"; };
		D638A1472B1634C90077CAC5 /* UIImage+resizeToApprox.swift */ = {isa = PBXFileReference; fileEncoding = 4; lastKnownFileType = sourcecode.swift; path = "UIImage+resizeToApprox.swift"; sourceTree = "<group>"; };
		D638A1482B1634C90077CAC5 /* Color++.swift */ = {isa = PBXFileReference; fileEncoding = 4; lastKnownFileType = sourcecode.swift; path = "Color++.swift"; sourceTree = "<group>"; };
		D638A14D2B1634C90077CAC5 /* Dictionary+replaceValues.swift */ = {isa = PBXFileReference; fileEncoding = 4; lastKnownFileType = sourcecode.swift; path = "Dictionary+replaceValues.swift"; sourceTree = "<group>"; };
		D638A14E2B1634C90077CAC5 /* LogStream.swift */ = {isa = PBXFileReference; fileEncoding = 4; lastKnownFileType = sourcecode.swift; path = LogStream.swift; sourceTree = "<group>"; };
		D638A1502B1634C90077CAC5 /* FilePickerViewControllerDelegate.swift */ = {isa = PBXFileReference; fileEncoding = 4; lastKnownFileType = sourcecode.swift; path = FilePickerViewControllerDelegate.swift; sourceTree = "<group>"; };
		D638A1512B1634C90077CAC5 /* String+subscript.swift */ = {isa = PBXFileReference; fileEncoding = 4; lastKnownFileType = sourcecode.swift; path = "String+subscript.swift"; sourceTree = "<group>"; };
		D638A1522B1634C90077CAC5 /* CGSize++.swift */ = {isa = PBXFileReference; fileEncoding = 4; lastKnownFileType = sourcecode.swift; path = "CGSize++.swift"; sourceTree = "<group>"; };
		D638A1542B1634C90077CAC5 /* Haptic++.swift */ = {isa = PBXFileReference; fileEncoding = 4; lastKnownFileType = sourcecode.swift; path = "Haptic++.swift"; sourceTree = "<group>"; };
		D638A1552B1634C90077CAC5 /* pac_helper.h */ = {isa = PBXFileReference; fileEncoding = 4; lastKnownFileType = sourcecode.c.h; path = pac_helper.h; sourceTree = "<group>"; };
		D638A1562B1634C90077CAC5 /* TotallyNotStolen.swift */ = {isa = PBXFileReference; fileEncoding = 4; lastKnownFileType = sourcecode.swift; path = TotallyNotStolen.swift; sourceTree = "<group>"; };
		D638A1582B1634C90077CAC5 /* URL++.swift */ = {isa = PBXFileReference; fileEncoding = 4; lastKnownFileType = sourcecode.swift; path = "URL++.swift"; sourceTree = "<group>"; };
		D638A1592B1634C90077CAC5 /* Alert++.swift */ = {isa = PBXFileReference; fileEncoding = 4; lastKnownFileType = sourcecode.swift; path = "Alert++.swift"; sourceTree = "<group>"; };
		D638A15A2B1634C90077CAC5 /* Color+Codable.swift */ = {isa = PBXFileReference; fileEncoding = 4; lastKnownFileType = sourcecode.swift; path = "Color+Codable.swift"; sourceTree = "<group>"; };
		D638A15B2B1634C90077CAC5 /* CommonFunctions.swift */ = {isa = PBXFileReference; fileEncoding = 4; lastKnownFileType = sourcecode.swift; path = CommonFunctions.swift; sourceTree = "<group>"; };
		D638A15C2B1634C90077CAC5 /* Array++.swift */ = {isa = PBXFileReference; fileEncoding = 4; lastKnownFileType = sourcecode.swift; path = "Array++.swift"; sourceTree = "<group>"; };
		D638A1602B1634C90077CAC5 /* String+LocalizedError.swift */ = {isa = PBXFileReference; fileEncoding = 4; lastKnownFileType = sourcecode.swift; path = "String+LocalizedError.swift"; sourceTree = "<group>"; };
		D638A1612B1634C90077CAC5 /* UIDevice+MachineName.swift */ = {isa = PBXFileReference; fileEncoding = 4; lastKnownFileType = sourcecode.swift; path = "UIDevice+MachineName.swift"; sourceTree = "<group>"; };
		D638A1622B1634C90077CAC5 /* SafeIndex.swift */ = {isa = PBXFileReference; fileEncoding = 4; lastKnownFileType = sourcecode.swift; path = SafeIndex.swift; sourceTree = "<group>"; };
		D638A1632B1634C90077CAC5 /* Padding.swift */ = {isa = PBXFileReference; fileEncoding = 4; lastKnownFileType = sourcecode.swift; path = Padding.swift; sourceTree = "<group>"; };
		D638A1952B1636970077CAC5 /* TSEnts.entitlements */ = {isa = PBXFileReference; lastKnownFileType = text.plist.entitlements; path = TSEnts.entitlements; sourceTree = "<group>"; };
		D638A1972B1665DE0077CAC5 /* SpawnPoint-Bridging-Header.h */ = {isa = PBXFileReference; lastKnownFileType = sourcecode.c.h; path = "SpawnPoint-Bridging-Header.h"; sourceTree = "<group>"; };
		D638A1982B1665E00077CAC5 /* TSUtil.m */ = {isa = PBXFileReference; fileEncoding = 4; lastKnownFileType = sourcecode.c.objc; path = TSUtil.m; sourceTree = "<group>"; };
		D638A1992B1665E20077CAC5 /* TSUtil.h */ = {isa = PBXFileReference; fileEncoding = 4; lastKnownFileType = sourcecode.c.h; path = TSUtil.h; sourceTree = "<group>"; };
		D638A1AA2B1671690077CAC5 /* CoreServices.h */ = {isa = PBXFileReference; fileEncoding = 4; lastKnownFileType = sourcecode.c.h; path = CoreServices.h; sourceTree = "<group>"; };
		D638A1B72B167BC20077CAC5 /* CoreFoundation.framework */ = {isa = PBXFileReference; lastKnownFileType = wrapper.framework; name = CoreFoundation.framework; path = System/Library/Frameworks/CoreFoundation.framework; sourceTree = SDKROOT; };
		D638A1B82B167BC20077CAC5 /* Foundation.framework */ = {isa = PBXFileReference; lastKnownFileType = wrapper.framework; name = Foundation.framework; path = System/Library/Frameworks/Foundation.framework; sourceTree = SDKROOT; };
		D638A1B92B167BC20077CAC5 /* libswiftFoundation.tbd */ = {isa = PBXFileReference; lastKnownFileType = "sourcecode.text-based-dylib-definition"; name = libswiftFoundation.tbd; path = usr/lib/swift/libswiftFoundation.tbd; sourceTree = SDKROOT; };
		D638A1BA2B16BC0D0077CAC5 /* ISIconCacheServiceProtocol-Protocol.h */ = {isa = PBXFileReference; fileEncoding = 4; lastKnownFileType = sourcecode.c.h; path = "ISIconCacheServiceProtocol-Protocol.h"; sourceTree = "<group>"; };
		D638A1BB2B16BC0E0077CAC5 /* IconServices.h */ = {isa = PBXFileReference; fileEncoding = 4; lastKnownFileType = sourcecode.c.h; path = IconServices.h; sourceTree = "<group>"; };
		D638A1CC2B16C2D50077CAC5 /* CoreServices.framework */ = {isa = PBXFileReference; lastKnownFileType = wrapper.framework; name = CoreServices.framework; path = System/Library/Frameworks/CoreServices.framework; sourceTree = SDKROOT; };
/* End PBXFileReference section */

/* Begin PBXFrameworksBuildPhase section */
		D638A1122B1633740077CAC5 /* Frameworks */ = {
			isa = PBXFrameworksBuildPhase;
			buildActionMask = 2147483647;
			files = (
				D638A1BD2B16BDE20077CAC5 /* CoreFoundation.framework in Frameworks */,
				D638A1C12B16BE160077CAC5 /* SVGWrapper in Frameworks */,
				D638A1BC2B16BDDE0077CAC5 /* Foundation.framework in Frameworks */,
				D638A1CD2B16C2D50077CAC5 /* CoreServices.framework in Frameworks */,
				D638A1BF2B16BE140077CAC5 /* NSTask in Frameworks */,
				D638A1AD2B167B640077CAC5 /* ApplicationsWrapper in Frameworks */,
				D638A1AF2B167B640077CAC5 /* AssetCatalogWrapper in Frameworks */,
				D638A1B52B167B640077CAC5 /* FSOperations in Frameworks */,
				D638A1B12B167B640077CAC5 /* CompressionWrapper in Frameworks */,
				D638A1B32B167B640077CAC5 /* DiskImagesWrapper in Frameworks */,
			);
			runOnlyForDeploymentPostprocessing = 0;
		};
		D638A1222B1633770077CAC5 /* Frameworks */ = {
			isa = PBXFrameworksBuildPhase;
			buildActionMask = 2147483647;
			files = (
			);
			runOnlyForDeploymentPostprocessing = 0;
		};
		D638A12C2B1633770077CAC5 /* Frameworks */ = {
			isa = PBXFrameworksBuildPhase;
			buildActionMask = 2147483647;
			files = (
			);
			runOnlyForDeploymentPostprocessing = 0;
		};
/* End PBXFrameworksBuildPhase section */

/* Begin PBXGroup section */
		D638A10C2B1633740077CAC5 = {
			isa = PBXGroup;
			children = (
				D638A1952B1636970077CAC5 /* TSEnts.entitlements */,
				D638A1172B1633740077CAC5 /* SpawnPoint */,
				D638A1282B1633770077CAC5 /* SpawnPointTests */,
				D638A1322B1633770077CAC5 /* SpawnPointUITests */,
				D638A1162B1633740077CAC5 /* Products */,
				D638A1B62B167BC20077CAC5 /* Frameworks */,
			);
			sourceTree = "<group>";
		};
		D638A1162B1633740077CAC5 /* Products */ = {
			isa = PBXGroup;
			children = (
				D638A1152B1633740077CAC5 /* SpawnPoint.app */,
				D638A1252B1633770077CAC5 /* SpawnPointTests.xctest */,
				D638A12F2B1633770077CAC5 /* SpawnPointUITests.xctest */,
			);
			name = Products;
			sourceTree = "<group>";
		};
		D638A1172B1633740077CAC5 /* SpawnPoint */ = {
			isa = PBXGroup;
			children = (
				D638A1182B1633740077CAC5 /* SpawnPointApp.swift */,
				D638A1422B1634C90077CAC5 /* Extensions */,
				D638A11A2B1633740077CAC5 /* ContentView.swift */,
				D638A11C2B1633770077CAC5 /* Assets.xcassets */,
				D638A11E2B1633770077CAC5 /* Preview Content */,
			);
			path = SpawnPoint;
			sourceTree = "<group>";
		};
		D638A11E2B1633770077CAC5 /* Preview Content */ = {
			isa = PBXGroup;
			children = (
				D638A11F2B1633770077CAC5 /* Preview Assets.xcassets */,
			);
			path = "Preview Content";
			sourceTree = "<group>";
		};
		D638A1282B1633770077CAC5 /* SpawnPointTests */ = {
			isa = PBXGroup;
			children = (
				D638A1292B1633770077CAC5 /* SpawnPointTests.swift */,
			);
			path = SpawnPointTests;
			sourceTree = "<group>";
		};
		D638A1322B1633770077CAC5 /* SpawnPointUITests */ = {
			isa = PBXGroup;
			children = (
				D638A1332B1633770077CAC5 /* SpawnPointUITests.swift */,
				D638A1352B1633770077CAC5 /* SpawnPointUITestsLaunchTests.swift */,
			);
			path = SpawnPointUITests;
			sourceTree = "<group>";
		};
		D638A1422B1634C90077CAC5 /* Extensions */ = {
			isa = PBXGroup;
			children = (
				D638A1972B1665DE0077CAC5 /* SpawnPoint-Bridging-Header.h */,
				D638A1AA2B1671690077CAC5 /* CoreServices.h */,
				D638A1BB2B16BC0E0077CAC5 /* IconServices.h */,
				D638A1BA2B16BC0D0077CAC5 /* ISIconCacheServiceProtocol-Protocol.h */,
				D638A1992B1665E20077CAC5 /* TSUtil.h */,
				D638A1982B1665E00077CAC5 /* TSUtil.m */,
				D638A1472B1634C90077CAC5 /* UIImage+resizeToApprox.swift */,
				D638A1482B1634C90077CAC5 /* Color++.swift */,
				D638A14D2B1634C90077CAC5 /* Dictionary+replaceValues.swift */,
				D638A14E2B1634C90077CAC5 /* LogStream.swift */,
				D638A1502B1634C90077CAC5 /* FilePickerViewControllerDelegate.swift */,
				D638A1512B1634C90077CAC5 /* String+subscript.swift */,
				D638A1522B1634C90077CAC5 /* CGSize++.swift */,
				D638A1542B1634C90077CAC5 /* Haptic++.swift */,
				D638A1552B1634C90077CAC5 /* pac_helper.h */,
				D638A1562B1634C90077CAC5 /* TotallyNotStolen.swift */,
				D638A1582B1634C90077CAC5 /* URL++.swift */,
				D638A1592B1634C90077CAC5 /* Alert++.swift */,
				D638A15A2B1634C90077CAC5 /* Color+Codable.swift */,
				D638A15B2B1634C90077CAC5 /* CommonFunctions.swift */,
				D638A15C2B1634C90077CAC5 /* Array++.swift */,
				D638A1602B1634C90077CAC5 /* String+LocalizedError.swift */,
				D638A1612B1634C90077CAC5 /* UIDevice+MachineName.swift */,
				D638A1622B1634C90077CAC5 /* SafeIndex.swift */,
				D638A1632B1634C90077CAC5 /* Padding.swift */,
			);
			path = Extensions;
			sourceTree = "<group>";
		};
		D638A1B62B167BC20077CAC5 /* Frameworks */ = {
			isa = PBXGroup;
			children = (
				D638A1CC2B16C2D50077CAC5 /* CoreServices.framework */,
				D638A1B72B167BC20077CAC5 /* CoreFoundation.framework */,
				D638A1B82B167BC20077CAC5 /* Foundation.framework */,
				D638A1B92B167BC20077CAC5 /* libswiftFoundation.tbd */,
			);
			name = Frameworks;
			sourceTree = "<group>";
		};
/* End PBXGroup section */

/* Begin PBXNativeTarget section */
		D638A1142B1633740077CAC5 /* SpawnPoint */ = {
			isa = PBXNativeTarget;
			buildConfigurationList = D638A1392B1633770077CAC5 /* Build configuration list for PBXNativeTarget "SpawnPoint" */;
			buildPhases = (
				D638A1112B1633740077CAC5 /* Sources */,
				D638A1122B1633740077CAC5 /* Frameworks */,
				D638A1132B1633740077CAC5 /* Resources */,
			);
			buildRules = (
			);
			dependencies = (
			);
			name = SpawnPoint;
			packageProductDependencies = (
				D638A1AC2B167B640077CAC5 /* ApplicationsWrapper */,
				D638A1AE2B167B640077CAC5 /* AssetCatalogWrapper */,
				D638A1B02B167B640077CAC5 /* CompressionWrapper */,
				D638A1B22B167B640077CAC5 /* DiskImagesWrapper */,
				D638A1B42B167B640077CAC5 /* FSOperations */,
				D638A1BE2B16BE140077CAC5 /* NSTask */,
				D638A1C02B16BE160077CAC5 /* SVGWrapper */,
			);
			productName = SpawnPoint;
			productReference = D638A1152B1633740077CAC5 /* SpawnPoint.app */;
			productType = "com.apple.product-type.application";
		};
		D638A1242B1633770077CAC5 /* SpawnPointTests */ = {
			isa = PBXNativeTarget;
			buildConfigurationList = D638A13C2B1633770077CAC5 /* Build configuration list for PBXNativeTarget "SpawnPointTests" */;
			buildPhases = (
				D638A1212B1633770077CAC5 /* Sources */,
				D638A1222B1633770077CAC5 /* Frameworks */,
				D638A1232B1633770077CAC5 /* Resources */,
			);
			buildRules = (
			);
			dependencies = (
				D638A1272B1633770077CAC5 /* PBXTargetDependency */,
			);
			name = SpawnPointTests;
			productName = SpawnPointTests;
			productReference = D638A1252B1633770077CAC5 /* SpawnPointTests.xctest */;
			productType = "com.apple.product-type.bundle.unit-test";
		};
		D638A12E2B1633770077CAC5 /* SpawnPointUITests */ = {
			isa = PBXNativeTarget;
			buildConfigurationList = D638A13F2B1633770077CAC5 /* Build configuration list for PBXNativeTarget "SpawnPointUITests" */;
			buildPhases = (
				D638A12B2B1633770077CAC5 /* Sources */,
				D638A12C2B1633770077CAC5 /* Frameworks */,
				D638A12D2B1633770077CAC5 /* Resources */,
			);
			buildRules = (
			);
			dependencies = (
				D638A1312B1633770077CAC5 /* PBXTargetDependency */,
			);
			name = SpawnPointUITests;
			productName = SpawnPointUITests;
			productReference = D638A12F2B1633770077CAC5 /* SpawnPointUITests.xctest */;
			productType = "com.apple.product-type.bundle.ui-testing";
		};
/* End PBXNativeTarget section */

/* Begin PBXProject section */
		D638A10D2B1633740077CAC5 /* Project object */ = {
			isa = PBXProject;
			attributes = {
				BuildIndependentTargetsInParallel = 1;
				LastSwiftUpdateCheck = 1500;
				LastUpgradeCheck = 1500;
				TargetAttributes = {
					D638A1142B1633740077CAC5 = {
						CreatedOnToolsVersion = 15.0.1;
						LastSwiftMigration = 1500;
					};
					D638A1242B1633770077CAC5 = {
						CreatedOnToolsVersion = 15.0.1;
						TestTargetID = D638A1142B1633740077CAC5;
					};
					D638A12E2B1633770077CAC5 = {
						CreatedOnToolsVersion = 15.0.1;
						TestTargetID = D638A1142B1633740077CAC5;
					};
				};
			};
			buildConfigurationList = D638A1102B1633740077CAC5 /* Build configuration list for PBXProject "SpawnPoint" */;
			compatibilityVersion = "Xcode 14.0";
			developmentRegion = en;
			hasScannedForEncodings = 0;
			knownRegions = (
				en,
				Base,
			);
			mainGroup = D638A10C2B1633740077CAC5;
			packageReferences = (
				D638A1AB2B167B640077CAC5 /* XCRemoteSwiftPackageReference "PrivateKits" */,
			);
			productRefGroup = D638A1162B1633740077CAC5 /* Products */;
			projectDirPath = "";
			projectRoot = "";
			targets = (
				D638A1142B1633740077CAC5 /* SpawnPoint */,
				D638A1242B1633770077CAC5 /* SpawnPointTests */,
				D638A12E2B1633770077CAC5 /* SpawnPointUITests */,
			);
		};
/* End PBXProject section */

/* Begin PBXResourcesBuildPhase section */
		D638A1132B1633740077CAC5 /* Resources */ = {
			isa = PBXResourcesBuildPhase;
			buildActionMask = 2147483647;
			files = (
				D638A1202B1633770077CAC5 /* Preview Assets.xcassets in Resources */,
				D638A1962B1636970077CAC5 /* TSEnts.entitlements in Resources */,
				D638A11D2B1633770077CAC5 /* Assets.xcassets in Resources */,
			);
			runOnlyForDeploymentPostprocessing = 0;
		};
		D638A1232B1633770077CAC5 /* Resources */ = {
			isa = PBXResourcesBuildPhase;
			buildActionMask = 2147483647;
			files = (
			);
			runOnlyForDeploymentPostprocessing = 0;
		};
		D638A12D2B1633770077CAC5 /* Resources */ = {
			isa = PBXResourcesBuildPhase;
			buildActionMask = 2147483647;
			files = (
			);
			runOnlyForDeploymentPostprocessing = 0;
		};
/* End PBXResourcesBuildPhase section */

/* Begin PBXSourcesBuildPhase section */
		D638A1112B1633740077CAC5 /* Sources */ = {
			isa = PBXSourcesBuildPhase;
			buildActionMask = 2147483647;
			files = (
				D638A1C22B16BE860077CAC5 /* SpawnPoint-Bridging-Header.h in Sources */,
				D638A1C32B16BE860077CAC5 /* CoreServices.h in Sources */,
				D638A1C42B16BE860077CAC5 /* IconServices.h in Sources */,
				D638A1C52B16BE860077CAC5 /* ISIconCacheServiceProtocol-Protocol.h in Sources */,
				D638A1C62B16BE860077CAC5 /* TSUtil.h in Sources */,
				D638A1C72B16BE860077CAC5 /* pac_helper.h in Sources */,
				D638A17D2B1634CA0077CAC5 /* TotallyNotStolen.swift in Sources */,
				D638A17B2B1634CA0077CAC5 /* CGSize++.swift in Sources */,
				D638A1772B1634CA0077CAC5 /* LogStream.swift in Sources */,
				D638A1862B1634CA0077CAC5 /* SafeIndex.swift in Sources */,
				D638A1802B1634CA0077CAC5 /* Alert++.swift in Sources */,
				D638A1842B1634CA0077CAC5 /* String+LocalizedError.swift in Sources */,
				D638A11B2B1633740077CAC5 /* ContentView.swift in Sources */,
				D638A1762B1634CA0077CAC5 /* Dictionary+replaceValues.swift in Sources */,
				D638A19A2B1665E20077CAC5 /* TSUtil.m in Sources */,
				D638A17C2B1634CA0077CAC5 /* Haptic++.swift in Sources */,
				D638A1732B1634CA0077CAC5 /* UIImage+resizeToApprox.swift in Sources */,
				D638A1192B1633740077CAC5 /* SpawnPointApp.swift in Sources */,
				D638A1852B1634CA0077CAC5 /* UIDevice+MachineName.swift in Sources */,
				D638A1832B1634CA0077CAC5 /* Array++.swift in Sources */,
				D638A1822B1634CA0077CAC5 /* CommonFunctions.swift in Sources */,
				D638A17A2B1634CA0077CAC5 /* String+subscript.swift in Sources */,
				D638A1742B1634CA0077CAC5 /* Color++.swift in Sources */,
				D638A1792B1634CA0077CAC5 /* FilePickerViewControllerDelegate.swift in Sources */,
				D638A1812B1634CA0077CAC5 /* Color+Codable.swift in Sources */,
				D638A17F2B1634CA0077CAC5 /* URL++.swift in Sources */,
				D638A1872B1634CA0077CAC5 /* Padding.swift in Sources */,
			);
			runOnlyForDeploymentPostprocessing = 0;
		};
		D638A1212B1633770077CAC5 /* Sources */ = {
			isa = PBXSourcesBuildPhase;
			buildActionMask = 2147483647;
			files = (
				D638A12A2B1633770077CAC5 /* SpawnPointTests.swift in Sources */,
			);
			runOnlyForDeploymentPostprocessing = 0;
		};
		D638A12B2B1633770077CAC5 /* Sources */ = {
			isa = PBXSourcesBuildPhase;
			buildActionMask = 2147483647;
			files = (
				D638A1342B1633770077CAC5 /* SpawnPointUITests.swift in Sources */,
				D638A1362B1633770077CAC5 /* SpawnPointUITestsLaunchTests.swift in Sources */,
			);
			runOnlyForDeploymentPostprocessing = 0;
		};
/* End PBXSourcesBuildPhase section */

/* Begin PBXTargetDependency section */
		D638A1272B1633770077CAC5 /* PBXTargetDependency */ = {
			isa = PBXTargetDependency;
			target = D638A1142B1633740077CAC5 /* SpawnPoint */;
			targetProxy = D638A1262B1633770077CAC5 /* PBXContainerItemProxy */;
		};
		D638A1312B1633770077CAC5 /* PBXTargetDependency */ = {
			isa = PBXTargetDependency;
			target = D638A1142B1633740077CAC5 /* SpawnPoint */;
			targetProxy = D638A1302B1633770077CAC5 /* PBXContainerItemProxy */;
		};
/* End PBXTargetDependency section */

/* Begin XCBuildConfiguration section */
		D638A1372B1633770077CAC5 /* Debug */ = {
			isa = XCBuildConfiguration;
			buildSettings = {
				ALWAYS_SEARCH_USER_PATHS = NO;
				ASSETCATALOG_COMPILER_GENERATE_SWIFT_ASSET_SYMBOL_EXTENSIONS = YES;
				CLANG_ANALYZER_NONNULL = YES;
				CLANG_ANALYZER_NUMBER_OBJECT_CONVERSION = YES_AGGRESSIVE;
				CLANG_CXX_LANGUAGE_STANDARD = "gnu++20";
				CLANG_ENABLE_MODULES = YES;
				CLANG_ENABLE_OBJC_ARC = YES;
				CLANG_ENABLE_OBJC_WEAK = YES;
				CLANG_WARN_BLOCK_CAPTURE_AUTORELEASING = YES;
				CLANG_WARN_BOOL_CONVERSION = YES;
				CLANG_WARN_COMMA = YES;
				CLANG_WARN_CONSTANT_CONVERSION = YES;
				CLANG_WARN_DEPRECATED_OBJC_IMPLEMENTATIONS = YES;
				CLANG_WARN_DIRECT_OBJC_ISA_USAGE = YES_ERROR;
				CLANG_WARN_DOCUMENTATION_COMMENTS = YES;
				CLANG_WARN_EMPTY_BODY = YES;
				CLANG_WARN_ENUM_CONVERSION = YES;
				CLANG_WARN_INFINITE_RECURSION = YES;
				CLANG_WARN_INT_CONVERSION = YES;
				CLANG_WARN_NON_LITERAL_NULL_CONVERSION = YES;
				CLANG_WARN_OBJC_IMPLICIT_RETAIN_SELF = YES;
				CLANG_WARN_OBJC_LITERAL_CONVERSION = YES;
				CLANG_WARN_OBJC_ROOT_CLASS = YES_ERROR;
				CLANG_WARN_QUOTED_INCLUDE_IN_FRAMEWORK_HEADER = YES;
				CLANG_WARN_RANGE_LOOP_ANALYSIS = YES;
				CLANG_WARN_STRICT_PROTOTYPES = YES;
				CLANG_WARN_SUSPICIOUS_MOVE = YES;
				CLANG_WARN_UNGUARDED_AVAILABILITY = YES_AGGRESSIVE;
				CLANG_WARN_UNREACHABLE_CODE = YES;
				CLANG_WARN__DUPLICATE_METHOD_MATCH = YES;
				COPY_PHASE_STRIP = NO;
				DEBUG_INFORMATION_FORMAT = dwarf;
				ENABLE_STRICT_OBJC_MSGSEND = YES;
				ENABLE_TESTABILITY = YES;
				ENABLE_USER_SCRIPT_SANDBOXING = YES;
				GCC_C_LANGUAGE_STANDARD = gnu17;
				GCC_DYNAMIC_NO_PIC = NO;
				GCC_NO_COMMON_BLOCKS = YES;
				GCC_OPTIMIZATION_LEVEL = 0;
				GCC_PREPROCESSOR_DEFINITIONS = (
					"DEBUG=1",
					"$(inherited)",
				);
				GCC_WARN_64_TO_32_BIT_CONVERSION = YES;
				GCC_WARN_ABOUT_RETURN_TYPE = YES_ERROR;
				GCC_WARN_UNDECLARED_SELECTOR = YES;
				GCC_WARN_UNINITIALIZED_AUTOS = YES_AGGRESSIVE;
				GCC_WARN_UNUSED_FUNCTION = YES;
				GCC_WARN_UNUSED_VARIABLE = YES;
				IPHONEOS_DEPLOYMENT_TARGET = 16.1;
				LOCALIZATION_PREFERS_STRING_CATALOGS = YES;
				MTL_ENABLE_DEBUG_INFO = INCLUDE_SOURCE;
				MTL_FAST_MATH = YES;
				ONLY_ACTIVE_ARCH = YES;
				SDKROOT = iphoneos;
				SWIFT_ACTIVE_COMPILATION_CONDITIONS = "DEBUG $(inherited)";
				SWIFT_OPTIMIZATION_LEVEL = "-Onone";
			};
			name = Debug;
		};
		D638A1382B1633770077CAC5 /* Release */ = {
			isa = XCBuildConfiguration;
			buildSettings = {
				ALWAYS_SEARCH_USER_PATHS = NO;
				ASSETCATALOG_COMPILER_GENERATE_SWIFT_ASSET_SYMBOL_EXTENSIONS = YES;
				CLANG_ANALYZER_NONNULL = YES;
				CLANG_ANALYZER_NUMBER_OBJECT_CONVERSION = YES_AGGRESSIVE;
				CLANG_CXX_LANGUAGE_STANDARD = "gnu++20";
				CLANG_ENABLE_MODULES = YES;
				CLANG_ENABLE_OBJC_ARC = YES;
				CLANG_ENABLE_OBJC_WEAK = YES;
				CLANG_WARN_BLOCK_CAPTURE_AUTORELEASING = YES;
				CLANG_WARN_BOOL_CONVERSION = YES;
				CLANG_WARN_COMMA = YES;
				CLANG_WARN_CONSTANT_CONVERSION = YES;
				CLANG_WARN_DEPRECATED_OBJC_IMPLEMENTATIONS = YES;
				CLANG_WARN_DIRECT_OBJC_ISA_USAGE = YES_ERROR;
				CLANG_WARN_DOCUMENTATION_COMMENTS = YES;
				CLANG_WARN_EMPTY_BODY = YES;
				CLANG_WARN_ENUM_CONVERSION = YES;
				CLANG_WARN_INFINITE_RECURSION = YES;
				CLANG_WARN_INT_CONVERSION = YES;
				CLANG_WARN_NON_LITERAL_NULL_CONVERSION = YES;
				CLANG_WARN_OBJC_IMPLICIT_RETAIN_SELF = YES;
				CLANG_WARN_OBJC_LITERAL_CONVERSION = YES;
				CLANG_WARN_OBJC_ROOT_CLASS = YES_ERROR;
				CLANG_WARN_QUOTED_INCLUDE_IN_FRAMEWORK_HEADER = YES;
				CLANG_WARN_RANGE_LOOP_ANALYSIS = YES;
				CLANG_WARN_STRICT_PROTOTYPES = YES;
				CLANG_WARN_SUSPICIOUS_MOVE = YES;
				CLANG_WARN_UNGUARDED_AVAILABILITY = YES_AGGRESSIVE;
				CLANG_WARN_UNREACHABLE_CODE = YES;
				CLANG_WARN__DUPLICATE_METHOD_MATCH = YES;
				COPY_PHASE_STRIP = NO;
				DEBUG_INFORMATION_FORMAT = "dwarf-with-dsym";
				ENABLE_NS_ASSERTIONS = NO;
				ENABLE_STRICT_OBJC_MSGSEND = YES;
				ENABLE_USER_SCRIPT_SANDBOXING = YES;
				GCC_C_LANGUAGE_STANDARD = gnu17;
				GCC_NO_COMMON_BLOCKS = YES;
				GCC_WARN_64_TO_32_BIT_CONVERSION = YES;
				GCC_WARN_ABOUT_RETURN_TYPE = YES_ERROR;
				GCC_WARN_UNDECLARED_SELECTOR = YES;
				GCC_WARN_UNINITIALIZED_AUTOS = YES_AGGRESSIVE;
				GCC_WARN_UNUSED_FUNCTION = YES;
				GCC_WARN_UNUSED_VARIABLE = YES;
				IPHONEOS_DEPLOYMENT_TARGET = 16.1;
				LOCALIZATION_PREFERS_STRING_CATALOGS = YES;
				MTL_ENABLE_DEBUG_INFO = NO;
				MTL_FAST_MATH = YES;
				SDKROOT = iphoneos;
				SWIFT_COMPILATION_MODE = wholemodule;
				VALIDATE_PRODUCT = YES;
			};
			name = Release;
		};
		D638A13A2B1633770077CAC5 /* Debug */ = {
			isa = XCBuildConfiguration;
			buildSettings = {
				ASSETCATALOG_COMPILER_APPICON_NAME = AppIcon;
				ASSETCATALOG_COMPILER_GLOBAL_ACCENT_COLOR_NAME = AccentColor;
				CLANG_ENABLE_MODULES = YES;
				CODE_SIGN_STYLE = Automatic;
				CURRENT_PROJECT_VERSION = 1;
				DEVELOPMENT_ASSET_PATHS = "\"SpawnPoint/Preview Content\"";
				DEVELOPMENT_TEAM = 8JKVMYCRTJ;
				ENABLE_PREVIEWS = YES;
				GENERATE_INFOPLIST_FILE = YES;
				INFOPLIST_KEY_UIApplicationSceneManifest_Generation = YES;
				INFOPLIST_KEY_UIApplicationSupportsIndirectInputEvents = YES;
				INFOPLIST_KEY_UILaunchScreen_Generation = YES;
				INFOPLIST_KEY_UISupportedInterfaceOrientations_iPad = "UIInterfaceOrientationPortrait UIInterfaceOrientationPortraitUpsideDown UIInterfaceOrientationLandscapeLeft UIInterfaceOrientationLandscapeRight";
				INFOPLIST_KEY_UISupportedInterfaceOrientations_iPhone = "UIInterfaceOrientationPortrait UIInterfaceOrientationLandscapeLeft UIInterfaceOrientationLandscapeRight";
				IPHONEOS_DEPLOYMENT_TARGET = 16.0;
				LD_RUNPATH_SEARCH_PATHS = (
					"$(inherited)",
					"@executable_path/Frameworks",
				);
				MARKETING_VERSION = 1.0;
				PRODUCT_BUNDLE_IDENTIFIER = ca.bomberfish.SpawnPoint;
				PRODUCT_NAME = "$(TARGET_NAME)";
				SWIFT_EMIT_LOC_STRINGS = YES;
				SWIFT_OBJC_BRIDGING_HEADER = "SpawnPoint/Extensions/SpawnPoint-Bridging-Header.h";
				SWIFT_OPTIMIZATION_LEVEL = "-Onone";
				SWIFT_VERSION = 5.0;
				TARGETED_DEVICE_FAMILY = "1,2";
			};
			name = Debug;
		};
		D638A13B2B1633770077CAC5 /* Release */ = {
			isa = XCBuildConfiguration;
			buildSettings = {
				ASSETCATALOG_COMPILER_APPICON_NAME = AppIcon;
				ASSETCATALOG_COMPILER_GLOBAL_ACCENT_COLOR_NAME = AccentColor;
				CLANG_ENABLE_MODULES = YES;
				CODE_SIGN_STYLE = Automatic;
				CURRENT_PROJECT_VERSION = 1;
				DEVELOPMENT_ASSET_PATHS = "\"SpawnPoint/Preview Content\"";
				DEVELOPMENT_TEAM = 8JKVMYCRTJ;
				ENABLE_PREVIEWS = YES;
				GENERATE_INFOPLIST_FILE = YES;
				INFOPLIST_KEY_UIApplicationSceneManifest_Generation = YES;
				INFOPLIST_KEY_UIApplicationSupportsIndirectInputEvents = YES;
				INFOPLIST_KEY_UILaunchScreen_Generation = YES;
				INFOPLIST_KEY_UISupportedInterfaceOrientations_iPad = "UIInterfaceOrientationPortrait UIInterfaceOrientationPortraitUpsideDown UIInterfaceOrientationLandscapeLeft UIInterfaceOrientationLandscapeRight";
				INFOPLIST_KEY_UISupportedInterfaceOrientations_iPhone = "UIInterfaceOrientationPortrait UIInterfaceOrientationLandscapeLeft UIInterfaceOrientationLandscapeRight";
				IPHONEOS_DEPLOYMENT_TARGET = 16.0;
				LD_RUNPATH_SEARCH_PATHS = (
					"$(inherited)",
					"@executable_path/Frameworks",
				);
				MARKETING_VERSION = 1.0;
				PRODUCT_BUNDLE_IDENTIFIER = ca.bomberfish.SpawnPoint;
				PRODUCT_NAME = "$(TARGET_NAME)";
				SWIFT_EMIT_LOC_STRINGS = YES;
				SWIFT_OBJC_BRIDGING_HEADER = "SpawnPoint/Extensions/SpawnPoint-Bridging-Header.h";
				SWIFT_VERSION = 5.0;
				TARGETED_DEVICE_FAMILY = "1,2";
			};
			name = Release;
		};
		D638A13D2B1633770077CAC5 /* Debug */ = {
			isa = XCBuildConfiguration;
			buildSettings = {
				ALWAYS_EMBED_SWIFT_STANDARD_LIBRARIES = YES;
				BUNDLE_LOADER = "$(TEST_HOST)";
				CODE_SIGN_STYLE = Automatic;
				CURRENT_PROJECT_VERSION = 1;
				GENERATE_INFOPLIST_FILE = YES;
				IPHONEOS_DEPLOYMENT_TARGET = 17.0;
				MARKETING_VERSION = 1.0;
				PRODUCT_BUNDLE_IDENTIFIER = ca.bomberfish.SpawnPointTests;
				PRODUCT_NAME = "$(TARGET_NAME)";
				SWIFT_EMIT_LOC_STRINGS = NO;
				SWIFT_VERSION = 5.0;
				TARGETED_DEVICE_FAMILY = "1,2";
				TEST_HOST = "$(BUILT_PRODUCTS_DIR)/SpawnPoint.app/$(BUNDLE_EXECUTABLE_FOLDER_PATH)/SpawnPoint";
			};
			name = Debug;
		};
		D638A13E2B1633770077CAC5 /* Release */ = {
			isa = XCBuildConfiguration;
			buildSettings = {
				ALWAYS_EMBED_SWIFT_STANDARD_LIBRARIES = YES;
				BUNDLE_LOADER = "$(TEST_HOST)";
				CODE_SIGN_STYLE = Automatic;
				CURRENT_PROJECT_VERSION = 1;
				GENERATE_INFOPLIST_FILE = YES;
				IPHONEOS_DEPLOYMENT_TARGET = 17.0;
				MARKETING_VERSION = 1.0;
				PRODUCT_BUNDLE_IDENTIFIER = ca.bomberfish.SpawnPointTests;
				PRODUCT_NAME = "$(TARGET_NAME)";
				SWIFT_EMIT_LOC_STRINGS = NO;
				SWIFT_VERSION = 5.0;
				TARGETED_DEVICE_FAMILY = "1,2";
				TEST_HOST = "$(BUILT_PRODUCTS_DIR)/SpawnPoint.app/$(BUNDLE_EXECUTABLE_FOLDER_PATH)/SpawnPoint";
			};
			name = Release;
		};
		D638A1402B1633770077CAC5 /* Debug */ = {
			isa = XCBuildConfiguration;
			buildSettings = {
				ALWAYS_EMBED_SWIFT_STANDARD_LIBRARIES = YES;
				CODE_SIGN_STYLE = Automatic;
				CURRENT_PROJECT_VERSION = 1;
				GENERATE_INFOPLIST_FILE = YES;
				MARKETING_VERSION = 1.0;
				PRODUCT_BUNDLE_IDENTIFIER = ca.bomberfish.SpawnPointUITests;
				PRODUCT_NAME = "$(TARGET_NAME)";
				SWIFT_EMIT_LOC_STRINGS = NO;
				SWIFT_VERSION = 5.0;
				TARGETED_DEVICE_FAMILY = "1,2";
				TEST_TARGET_NAME = SpawnPoint;
			};
			name = Debug;
		};
		D638A1412B1633770077CAC5 /* Release */ = {
			isa = XCBuildConfiguration;
			buildSettings = {
				ALWAYS_EMBED_SWIFT_STANDARD_LIBRARIES = YES;
				CODE_SIGN_STYLE = Automatic;
				CURRENT_PROJECT_VERSION = 1;
				GENERATE_INFOPLIST_FILE = YES;
				MARKETING_VERSION = 1.0;
				PRODUCT_BUNDLE_IDENTIFIER = ca.bomberfish.SpawnPointUITests;
				PRODUCT_NAME = "$(TARGET_NAME)";
				SWIFT_EMIT_LOC_STRINGS = NO;
				SWIFT_VERSION = 5.0;
				TARGETED_DEVICE_FAMILY = "1,2";
				TEST_TARGET_NAME = SpawnPoint;
			};
			name = Release;
		};
/* End XCBuildConfiguration section */

/* Begin XCConfigurationList section */
		D638A1102B1633740077CAC5 /* Build configuration list for PBXProject "SpawnPoint" */ = {
			isa = XCConfigurationList;
			buildConfigurations = (
				D638A1372B1633770077CAC5 /* Debug */,
				D638A1382B1633770077CAC5 /* Release */,
			);
			defaultConfigurationIsVisible = 0;
			defaultConfigurationName = Release;
		};
		D638A1392B1633770077CAC5 /* Build configuration list for PBXNativeTarget "SpawnPoint" */ = {
			isa = XCConfigurationList;
			buildConfigurations = (
				D638A13A2B1633770077CAC5 /* Debug */,
				D638A13B2B1633770077CAC5 /* Release */,
			);
			defaultConfigurationIsVisible = 0;
			defaultConfigurationName = Release;
		};
		D638A13C2B1633770077CAC5 /* Build configuration list for PBXNativeTarget "SpawnPointTests" */ = {
			isa = XCConfigurationList;
			buildConfigurations = (
				D638A13D2B1633770077CAC5 /* Debug */,
				D638A13E2B1633770077CAC5 /* Release */,
			);
			defaultConfigurationIsVisible = 0;
			defaultConfigurationName = Release;
		};
		D638A13F2B1633770077CAC5 /* Build configuration list for PBXNativeTarget "SpawnPointUITests" */ = {
			isa = XCConfigurationList;
			buildConfigurations = (
				D638A1402B1633770077CAC5 /* Debug */,
				D638A1412B1633770077CAC5 /* Release */,
			);
			defaultConfigurationIsVisible = 0;
			defaultConfigurationName = Release;
		};
/* End XCConfigurationList section */

/* Begin XCRemoteSwiftPackageReference section */
		D638A1AB2B167B640077CAC5 /* XCRemoteSwiftPackageReference "PrivateKits" */ = {
			isa = XCRemoteSwiftPackageReference;
			repositoryURL = "https://github.com/BomberFish/PrivateKits";
			requirement = {
				branch = "iosonly-test";
				kind = branch;
			};
		};
/* End XCRemoteSwiftPackageReference section */

/* Begin XCSwiftPackageProductDependency section */
		D638A1AC2B167B640077CAC5 /* ApplicationsWrapper */ = {
			isa = XCSwiftPackageProductDependency;
			package = D638A1AB2B167B640077CAC5 /* XCRemoteSwiftPackageReference "PrivateKits" */;
			productName = ApplicationsWrapper;
		};
		D638A1AE2B167B640077CAC5 /* AssetCatalogWrapper */ = {
			isa = XCSwiftPackageProductDependency;
			package = D638A1AB2B167B640077CAC5 /* XCRemoteSwiftPackageReference "PrivateKits" */;
			productName = AssetCatalogWrapper;
		};
		D638A1B02B167B640077CAC5 /* CompressionWrapper */ = {
			isa = XCSwiftPackageProductDependency;
			package = D638A1AB2B167B640077CAC5 /* XCRemoteSwiftPackageReference "PrivateKits" */;
			productName = CompressionWrapper;
		};
		D638A1B22B167B640077CAC5 /* DiskImagesWrapper */ = {
			isa = XCSwiftPackageProductDependency;
			package = D638A1AB2B167B640077CAC5 /* XCRemoteSwiftPackageReference "PrivateKits" */;
			productName = DiskImagesWrapper;
		};
		D638A1B42B167B640077CAC5 /* FSOperations */ = {
			isa = XCSwiftPackageProductDependency;
			package = D638A1AB2B167B640077CAC5 /* XCRemoteSwiftPackageReference "PrivateKits" */;
			productName = FSOperations;
		};
		D638A1BE2B16BE140077CAC5 /* NSTask */ = {
			isa = XCSwiftPackageProductDependency;
			package = D638A1AB2B167B640077CAC5 /* XCRemoteSwiftPackageReference "PrivateKits" */;
			productName = NSTask;
		};
		D638A1C02B16BE160077CAC5 /* SVGWrapper */ = {
			isa = XCSwiftPackageProductDependency;
			package = D638A1AB2B167B640077CAC5 /* XCRemoteSwiftPackageReference "PrivateKits" */;
			productName = SVGWrapper;
		};
/* End XCSwiftPackageProductDependency section */
	};
	rootObject = D638A10D2B1633740077CAC5 /* Project object */;
}
